
Microsoft Visual Studio Solution File, Format Version 12.00
# Visual Studio 15
VisualStudioVersion = 15.0.28010.2048
MinimumVisualStudioVersion = 10.0.40219.1
Project("{FAE04EC0-301F-11D3-BF4B-00C04F79EFBC}") = "AlumnosCarreraApi", "AlumnosCarreraApi\AlumnosCarreraApi.csproj", "{C0882B28-0C7A-4696-A3C4-B546AA2D7B47}"
EndProject
Global
	GlobalSection(SolutionConfigurationPlatforms) = preSolution
		Debug|Any CPU = Debug|Any CPU
		Release|Any CPU = Release|Any CPU
	EndGlobalSection
	GlobalSection(ProjectConfigurationPlatforms) = postSolution
		{C0882B28-0C7A-4696-A3C4-B546AA2D7B47}.Debug|Any CPU.ActiveCfg = Debug|Any CPU
		{C0882B28-0C7A-4696-A3C4-B546AA2D7B47}.Debug|Any CPU.Build.0 = Debug|Any CPU
		{C0882B28-0C7A-4696-A3C4-B546AA2D7B47}.Release|Any CPU.ActiveCfg = Release|Any CPU
		{C0882B28-0C7A-4696-A3C4-B546AA2D7B47}.Release|Any CPU.Build.0 = Release|Any CPU
	EndGlobalSection
	GlobalSection(SolutionProperties) = preSolution
		HideSolutionNode = FALSE
	EndGlobalSection
	GlobalSection(ExtensibilityGlobals) = postSolution
		SolutionGuid = {3901175C-5654-4663-842B-5B6A635E1477}
	EndGlobalSection
EndGlobal
